
Microsoft Visual Studio Solution File, Format Version 12.00
# Visual Studio Version 16
VisualStudioVersion = 16.0.29806.167
MinimumVisualStudioVersion = 10.0.40219.1
Project("{FAE04EC0-301F-11D3-BF4B-00C04F79EFBC}") = "MyShop.Core", "MyShop.Core\MyShop.Core.csproj", "{602EAD3E-FA42-4112-82B1-7EA24CD3C31A}"
EndProject
Project("{FAE04EC0-301F-11D3-BF4B-00C04F79EFBC}") = "MyShop.Services", "MyShop.Services\MyShop.Services.csproj", "{6CC08D5B-8A45-4493-9919-E97D26ACFF68}"
EndProject
Project("{FAE04EC0-301F-11D3-BF4B-00C04F79EFBC}") = "MyShop.DataAccess.SQL", "MyShop.DataAccess.SQL\MyShop.DataAccess.SQL.csproj", "{515A616B-8471-4C1C-8C1A-A04544F0BCDF}"
EndProject
Project("{FAE04EC0-301F-11D3-BF4B-00C04F79EFBC}") = "MyShop.DataAccess.InMemory", "MyShop.DataAccess.InMemory\MyShop.DataAccess.InMemory.csproj", "{DD63CD25-DA47-4D8D-A082-1C3910DDACF6}"
EndProject
Project("{FAE04EC0-301F-11D3-BF4B-00C04F79EFBC}") = "MyShop.WebUI", "MyShop.WebUI\MyShop.WebUI.csproj", "{3D9FEAAE-48ED-4648-91B9-9A93D48A6E50}"
EndProject
Project("{FAE04EC0-301F-11D3-BF4B-00C04F79EFBC}") = "MyShop.WebUI.Tests", "MyShop.WebUI.Tests\MyShop.WebUI.Tests.csproj", "{B8B7E889-1FF3-44A9-9C52-0CD7B3390A4B}"
EndProject
Global
	GlobalSection(SolutionConfigurationPlatforms) = preSolution
		Debug|Any CPU = Debug|Any CPU
		Release|Any CPU = Release|Any CPU
	EndGlobalSection
	GlobalSection(ProjectConfigurationPlatforms) = postSolution
		{602EAD3E-FA42-4112-82B1-7EA24CD3C31A}.Debug|Any CPU.ActiveCfg = Debug|Any CPU
		{602EAD3E-FA42-4112-82B1-7EA24CD3C31A}.Debug|Any CPU.Build.0 = Debug|Any CPU
		{602EAD3E-FA42-4112-82B1-7EA24CD3C31A}.Release|Any CPU.ActiveCfg = Release|Any CPU
		{602EAD3E-FA42-4112-82B1-7EA24CD3C31A}.Release|Any CPU.Build.0 = Release|Any CPU
		{6CC08D5B-8A45-4493-9919-E97D26ACFF68}.Debug|Any CPU.ActiveCfg = Debug|Any CPU
		{6CC08D5B-8A45-4493-9919-E97D26ACFF68}.Debug|Any CPU.Build.0 = Debug|Any CPU
		{6CC08D5B-8A45-4493-9919-E97D26ACFF68}.Release|Any CPU.ActiveCfg = Release|Any CPU
		{6CC08D5B-8A45-4493-9919-E97D26ACFF68}.Release|Any CPU.Build.0 = Release|Any CPU
		{515A616B-8471-4C1C-8C1A-A04544F0BCDF}.Debug|Any CPU.ActiveCfg = Debug|Any CPU
		{515A616B-8471-4C1C-8C1A-A04544F0BCDF}.Debug|Any CPU.Build.0 = Debug|Any CPU
		{515A616B-8471-4C1C-8C1A-A04544F0BCDF}.Release|Any CPU.ActiveCfg = Release|Any CPU
		{515A616B-8471-4C1C-8C1A-A04544F0BCDF}.Release|Any CPU.Build.0 = Release|Any CPU
		{DD63CD25-DA47-4D8D-A082-1C3910DDACF6}.Debug|Any CPU.ActiveCfg = Debug|Any CPU
		{DD63CD25-DA47-4D8D-A082-1C3910DDACF6}.Debug|Any CPU.Build.0 = Debug|Any CPU
		{DD63CD25-DA47-4D8D-A082-1C3910DDACF6}.Release|Any CPU.ActiveCfg = Release|Any CPU
		{DD63CD25-DA47-4D8D-A082-1C3910DDACF6}.Release|Any CPU.Build.0 = Release|Any CPU
		{3D9FEAAE-48ED-4648-91B9-9A93D48A6E50}.Debug|Any CPU.ActiveCfg = Debug|Any CPU
		{3D9FEAAE-48ED-4648-91B9-9A93D48A6E50}.Debug|Any CPU.Build.0 = Debug|Any CPU
		{3D9FEAAE-48ED-4648-91B9-9A93D48A6E50}.Release|Any CPU.ActiveCfg = Release|Any CPU
		{3D9FEAAE-48ED-4648-91B9-9A93D48A6E50}.Release|Any CPU.Build.0 = Release|Any CPU
		{B8B7E889-1FF3-44A9-9C52-0CD7B3390A4B}.Debug|Any CPU.ActiveCfg = Debug|Any CPU
		{B8B7E889-1FF3-44A9-9C52-0CD7B3390A4B}.Debug|Any CPU.Build.0 = Debug|Any CPU
		{B8B7E889-1FF3-44A9-9C52-0CD7B3390A4B}.Release|Any CPU.ActiveCfg = Release|Any CPU
		{B8B7E889-1FF3-44A9-9C52-0CD7B3390A4B}.Release|Any CPU.Build.0 = Release|Any CPU
	EndGlobalSection
	GlobalSection(SolutionProperties) = preSolution
		HideSolutionNode = FALSE
	EndGlobalSection
	GlobalSection(ExtensibilityGlobals) = postSolution
		SolutionGuid = {E3419229-07D9-4C7F-A0C5-4545728B14FC}
	EndGlobalSection
EndGlobal
